
Microsoft Visual Studio Solution File, Format Version 12.00
Project("{FAE04EC0-301F-11D3-BF4B-00C04F79EFBC}") = "bl_Q1Calculator", "bl_Q1Calculator\bl_Q1Calculator.csproj", "{76DADE86-0F82-4B00-ADAD-17AC67F0F2BE}"
EndProject
Project("{2150E333-8FDC-42A3-9474-1A3956D46DE8}") = "src", "src", "{2117CFEF-A0FA-4005-85BB-8B65F2406196}"
EndProject
Project("{2150E333-8FDC-42A3-9474-1A3956D46DE8}") = "tests", "tests", "{10AFB6AA-50EF-4B4F-90C8-736EE59E4E12}"
EndProject
Project("{2150E333-8FDC-42A3-9474-1A3956D46DE8}") = "Host", "Host", "{3412A790-B5D0-40E7-92FF-1A81A7B05A5E}"
EndProject
Project("{2150E333-8FDC-42A3-9474-1A3956D46DE8}") = "Calculate", "Calculate", "{C99D1C03-5C0C-4E72-B1F6-F830F6FF9EFD}"
EndProject
Project("{FAE04EC0-301F-11D3-BF4B-00C04F79EFBC}") = "bl_Q1Calculator.Calc", "bl_Q1Calculator.Calc\bl_Q1Calculator.Calc.csproj", "{F6720803-08A5-459E-91EA-C67F5DD9993B}"
EndProject
Project("{FAE04EC0-301F-11D3-BF4B-00C04F79EFBC}") = "bl_Q1Calculator.tests", "bl_Q1Calculator.tests\bl_Q1Calculator.tests.csproj", "{96C0C7C3-22AF-471C-BF2A-BFDE065446D3}"
EndProject
Global
	GlobalSection(SolutionConfigurationPlatforms) = preSolution
		Debug|Any CPU = Debug|Any CPU
		Release|Any CPU = Release|Any CPU
	EndGlobalSection
	GlobalSection(ProjectConfigurationPlatforms) = postSolution
		{76DADE86-0F82-4B00-ADAD-17AC67F0F2BE}.Debug|Any CPU.ActiveCfg = Debug|Any CPU
		{76DADE86-0F82-4B00-ADAD-17AC67F0F2BE}.Debug|Any CPU.Build.0 = Debug|Any CPU
		{76DADE86-0F82-4B00-ADAD-17AC67F0F2BE}.Release|Any CPU.ActiveCfg = Release|Any CPU
		{76DADE86-0F82-4B00-ADAD-17AC67F0F2BE}.Release|Any CPU.Build.0 = Release|Any CPU
		{F6720803-08A5-459E-91EA-C67F5DD9993B}.Debug|Any CPU.ActiveCfg = Debug|Any CPU
		{F6720803-08A5-459E-91EA-C67F5DD9993B}.Debug|Any CPU.Build.0 = Debug|Any CPU
		{F6720803-08A5-459E-91EA-C67F5DD9993B}.Release|Any CPU.ActiveCfg = Release|Any CPU
		{F6720803-08A5-459E-91EA-C67F5DD9993B}.Release|Any CPU.Build.0 = Release|Any CPU
		{96C0C7C3-22AF-471C-BF2A-BFDE065446D3}.Debug|Any CPU.ActiveCfg = Debug|Any CPU
		{96C0C7C3-22AF-471C-BF2A-BFDE065446D3}.Debug|Any CPU.Build.0 = Debug|Any CPU
		{96C0C7C3-22AF-471C-BF2A-BFDE065446D3}.Release|Any CPU.ActiveCfg = Release|Any CPU
		{96C0C7C3-22AF-471C-BF2A-BFDE065446D3}.Release|Any CPU.Build.0 = Release|Any CPU
	EndGlobalSection
	GlobalSection(NestedProjects) = preSolution
		{3412A790-B5D0-40E7-92FF-1A81A7B05A5E} = {2117CFEF-A0FA-4005-85BB-8B65F2406196}
		{76DADE86-0F82-4B00-ADAD-17AC67F0F2BE} = {3412A790-B5D0-40E7-92FF-1A81A7B05A5E}
		{C99D1C03-5C0C-4E72-B1F6-F830F6FF9EFD} = {2117CFEF-A0FA-4005-85BB-8B65F2406196}
		{F6720803-08A5-459E-91EA-C67F5DD9993B} = {C99D1C03-5C0C-4E72-B1F6-F830F6FF9EFD}
		{96C0C7C3-22AF-471C-BF2A-BFDE065446D3} = {10AFB6AA-50EF-4B4F-90C8-736EE59E4E12}
	EndGlobalSection
EndGlobal
